
Microsoft Visual Studio Solution File, Format Version 12.00
# Visual Studio Version 17
VisualStudioVersion = 17.11.35327.3
MinimumVisualStudioVersion = 10.0.40219.1
Project("{FAE04EC0-301F-11D3-BF4B-00C04F79EFBC}") = "KCIAOGS24.NET", "KCIAOGS24.NET.csproj", "{D5930994-1C60-4358-8430-BE0A61F12624}"
EndProject
Global
	GlobalSection(SolutionConfigurationPlatforms) = preSolution
		Debug|Any CPU = Debug|Any CPU
		Release|Any CPU = Release|Any CPU
	EndGlobalSection
	GlobalSection(ProjectConfigurationPlatforms) = postSolution
		{D5930994-1C60-4358-8430-BE0A61F12624}.Debug|Any CPU.ActiveCfg = Debug|Any CPU
		{D5930994-1C60-4358-8430-BE0A61F12624}.Debug|Any CPU.Build.0 = Debug|Any CPU
		{D5930994-1C60-4358-8430-BE0A61F12624}.Release|Any CPU.ActiveCfg = Release|Any CPU
		{D5930994-1C60-4358-8430-BE0A61F12624}.Release|Any CPU.Build.0 = Release|Any CPU
	EndGlobalSection
	GlobalSection(SolutionProperties) = preSolution
		HideSolutionNode = FALSE
	EndGlobalSection
	GlobalSection(ExtensibilityGlobals) = postSolution
		SolutionGuid = {6B590BEF-890D-412C-805A-0DA659FD7FC8}
	EndGlobalSection
EndGlobal
